{
  "name": "app",
  "lockfileVersion": 3,
  "requires": true,
  "packages": {
    "": {
      "dependencies": {
        "@platformatic/vfs": "^0.3.0",
        "zod": "^3.23.8"
      }
    },
    "node_modules/@platformatic/vfs": {
      "version": "0.3.0",
      "resolved": "https://registry.npmjs.org/@platformatic/vfs/-/vfs-0.3.0.tgz",
      "integrity": "sha512-BGXVOAz59HYPZCgI9v/MtiTF/ng8YAWtkooxVwOPR3TatNgGy0WZ/t15ScqytiZi5NdSRqWNRfuAbXKeAlKDdQ==",
      "license": "MIT",
      "engines": {
        "node": ">= 22"
      }
    },
    "node_modules/zod": {
      "version": "3.23.8",
      "resolved": "https://registry.npmjs.org/zod/-/zod-3.23.8.tgz",
      "integrity": "sha512-XBx9AXhXktjUqnepgTiE5flcKIYWi/rme0Eaj+5Y0lftuGBq+jyRu/md4WnuxqgP1ubdpNCsYEYPxrzVHD8d6g==",
      "license": "MIT",
      "funding": {
        "url": "https://github.com/sponsors/colinhacks"
      }
    }
  }
}
